// !$*UTF8*$!
{
	archiveVersion = 1;
	classes = {
	};
	objectVersion = 50;
	objects = {

/* Begin PBXBuildFile section */
		EA4F085C244AE04300BA8FCE /* SwiftyLib.framework in Frameworks */ = {isa = PBXBuildFile; fileRef = EA4F0852244AE04300BA8FCE /* SwiftyLib.framework */; };
		EA4F0861244AE04300BA8FCE /* SwiftyLibTests.swift in Sources */ = {isa = PBXBuildFile; fileRef = EA4F0860244AE04300BA8FCE /* SwiftyLibTests.swift */; };
		EA4F0863244AE04300BA8FCE /* SwiftyLib.h in Headers */ = {isa = PBXBuildFile; fileRef = EA4F0855244AE04300BA8FCE /* SwiftyLib.h */; settings = {ATTRIBUTES = (Public, ); }; };
		EA4F0873244AE0DC00BA8FCE /* AppDelegate.swift in Sources */ = {isa = PBXBuildFile; fileRef = EA4F0872244AE0DC00BA8FCE /* AppDelegate.swift */; };
		EA4F0875244AE0DC00BA8FCE /* SceneDelegate.swift in Sources */ = {isa = PBXBuildFile; fileRef = EA4F0874244AE0DC00BA8FCE /* SceneDelegate.swift */; };
		EA4F0877244AE0DC00BA8FCE /* ViewController.swift in Sources */ = {isa = PBXBuildFile; fileRef = EA4F0876244AE0DC00BA8FCE /* ViewController.swift */; };
		EA4F087A244AE0DC00BA8FCE /* Main.storyboard in Resources */ = {isa = PBXBuildFile; fileRef = EA4F0878244AE0DC00BA8FCE /* Main.storyboard */; };
		EA4F087C244AE0DE00BA8FCE /* Assets.xcassets in Resources */ = {isa = PBXBuildFile; fileRef = EA4F087B244AE0DE00BA8FCE /* Assets.xcassets */; };
		EA4F087F244AE0DE00BA8FCE /* LaunchScreen.storyboard in Resources */ = {isa = PBXBuildFile; fileRef = EA4F087D244AE0DE00BA8FCE /* LaunchScreen.storyboard */; };
		EA4F0885244AE34900BA8FCE /* SwiftyLib.swift in Sources */ = {isa = PBXBuildFile; fileRef = EA4F0884244AE34900BA8FCE /* SwiftyLib.swift */; };
/* End PBXBuildFile section */

/* Begin PBXContainerItemProxy section */
		EA4F085D244AE04300BA8FCE /* PBXContainerItemProxy */ = {
			isa = PBXContainerItemProxy;
			containerPortal = EA4F0849244AE04300BA8FCE /* Project object */;
			proxyType = 1;
			remoteGlobalIDString = EA4F0851244AE04300BA8FCE;
			remoteInfo = SwiftyLib;
		};
/* End PBXContainerItemProxy section */

/* Begin PBXFileReference section */
		EA4F0852244AE04300BA8FCE /* SwiftyLib.framework */ = {isa = PBXFileReference; explicitFileType = wrapper.framework; includeInIndex = 0; path = SwiftyLib.framework; sourceTree = BUILT_PRODUCTS_DIR; };
		EA4F0855244AE04300BA8FCE /* SwiftyLib.h */ = {isa = PBXFileReference; lastKnownFileType = sourcecode.c.h; path = SwiftyLib.h; sourceTree = "<group>"; };
		EA4F0856244AE04300BA8FCE /* Info.plist */ = {isa = PBXFileReference; lastKnownFileType = text.plist.xml; path = Info.plist; sourceTree = "<group>"; };
		EA4F085B244AE04300BA8FCE /* SwiftyLibTests.xctest */ = {isa = PBXFileReference; explicitFileType = wrapper.cfbundle; includeInIndex = 0; path = SwiftyLibTests.xctest; sourceTree = BUILT_PRODUCTS_DIR; };
		EA4F0860244AE04300BA8FCE /* SwiftyLibTests.swift */ = {isa = PBXFileReference; lastKnownFileType = sourcecode.swift; path = SwiftyLibTests.swift; sourceTree = "<group>"; };
		EA4F0862244AE04300BA8FCE /* Info.plist */ = {isa = PBXFileReference; lastKnownFileType = text.plist.xml; path = Info.plist; sourceTree = "<group>"; };
		EA4F0870244AE0DC00BA8FCE /* SwiftyLibExamples.app */ = {isa = PBXFileReference; explicitFileType = wrapper.application; includeInIndex = 0; path = SwiftyLibExamples.app; sourceTree = BUILT_PRODUCTS_DIR; };
		EA4F0872244AE0DC00BA8FCE /* AppDelegate.swift */ = {isa = PBXFileReference; lastKnownFileType = sourcecode.swift; path = AppDelegate.swift; sourceTree = "<group>"; };
		EA4F0874244AE0DC00BA8FCE /* SceneDelegate.swift */ = {isa = PBXFileReference; lastKnownFileType = sourcecode.swift; path = SceneDelegate.swift; sourceTree = "<group>"; };
		EA4F0876244AE0DC00BA8FCE /* ViewController.swift */ = {isa = PBXFileReference; lastKnownFileType = sourcecode.swift; path = ViewController.swift; sourceTree = "<group>"; };
		EA4F0879244AE0DC00BA8FCE /* Base */ = {isa = PBXFileReference; lastKnownFileType = file.storyboard; name = Base; path = Base.lproj/Main.storyboard; sourceTree = "<group>"; };
		EA4F087B244AE0DE00BA8FCE /* Assets.xcassets */ = {isa = PBXFileReference; lastKnownFileType = folder.assetcatalog; path = Assets.xcassets; sourceTree = "<group>"; };
		EA4F087E244AE0DE00BA8FCE /* Base */ = {isa = PBXFileReference; lastKnownFileType = file.storyboard; name = Base; path = Base.lproj/LaunchScreen.storyboard; sourceTree = "<group>"; };
		EA4F0880244AE0DE00BA8FCE /* Info.plist */ = {isa = PBXFileReference; lastKnownFileType = text.plist.xml; path = Info.plist; sourceTree = "<group>"; };
		EA4F0884244AE34900BA8FCE /* SwiftyLib.swift */ = {isa = PBXFileReference; lastKnownFileType = sourcecode.swift; path = SwiftyLib.swift; sourceTree = "<group>"; };
/* End PBXFileReference section */

/* Begin PBXFrameworksBuildPhase section */
		EA4F084F244AE04300BA8FCE /* Frameworks */ = {
			isa = PBXFrameworksBuildPhase;
			buildActionMask = 2147483647;
			files = (
			);
			runOnlyForDeploymentPostprocessing = 0;
		};
		EA4F0858244AE04300BA8FCE /* Frameworks */ = {
			isa = PBXFrameworksBuildPhase;
			buildActionMask = 2147483647;
			files = (
				EA4F085C244AE04300BA8FCE /* SwiftyLib.framework in Frameworks */,
			);
			runOnlyForDeploymentPostprocessing = 0;
		};
		EA4F086D244AE0DC00BA8FCE /* Frameworks */ = {
			isa = PBXFrameworksBuildPhase;
			buildActionMask = 2147483647;
			files = (
			);
			runOnlyForDeploymentPostprocessing = 0;
		};
/* End PBXFrameworksBuildPhase section */

/* Begin PBXGroup section */
		EA4F0848244AE04300BA8FCE = {
			isa = PBXGroup;
			children = (
				EA4F0854244AE04300BA8FCE /* SwiftyLib */,
				EA4F085F244AE04300BA8FCE /* SwiftyLibTests */,
				EA4F0871244AE0DC00BA8FCE /* SwiftyLibExamples */,
				EA4F0853244AE04300BA8FCE /* Products */,
			);
			sourceTree = "<group>";
		};
		EA4F0853244AE04300BA8FCE /* Products */ = {
			isa = PBXGroup;
			children = (
				EA4F0852244AE04300BA8FCE /* SwiftyLib.framework */,
				EA4F085B244AE04300BA8FCE /* SwiftyLibTests.xctest */,
				EA4F0870244AE0DC00BA8FCE /* SwiftyLibExamples.app */,
			);
			name = Products;
			sourceTree = "<group>";
		};
		EA4F0854244AE04300BA8FCE /* SwiftyLib */ = {
			isa = PBXGroup;
			children = (
				EA4F0855244AE04300BA8FCE /* SwiftyLib.h */,
				EA4F0856244AE04300BA8FCE /* Info.plist */,
				EA4F0884244AE34900BA8FCE /* SwiftyLib.swift */,
			);
			path = SwiftyLib;
			sourceTree = "<group>";
		};
		EA4F085F244AE04300BA8FCE /* SwiftyLibTests */ = {
			isa = PBXGroup;
			children = (
				EA4F0860244AE04300BA8FCE /* SwiftyLibTests.swift */,
				EA4F0862244AE04300BA8FCE /* Info.plist */,
			);
			path = SwiftyLibTests;
			sourceTree = "<group>";
		};
		EA4F0871244AE0DC00BA8FCE /* SwiftyLibExamples */ = {
			isa = PBXGroup;
			children = (
				EA4F0872244AE0DC00BA8FCE /* AppDelegate.swift */,
				EA4F0874244AE0DC00BA8FCE /* SceneDelegate.swift */,
				EA4F0876244AE0DC00BA8FCE /* ViewController.swift */,
				EA4F0878244AE0DC00BA8FCE /* Main.storyboard */,
				EA4F087B244AE0DE00BA8FCE /* Assets.xcassets */,
				EA4F087D244AE0DE00BA8FCE /* LaunchScreen.storyboard */,
				EA4F0880244AE0DE00BA8FCE /* Info.plist */,
			);
			path = SwiftyLibExamples;
			sourceTree = "<group>";
		};
/* End PBXGroup section */

/* Begin PBXHeadersBuildPhase section */
		EA4F084D244AE04300BA8FCE /* Headers */ = {
			isa = PBXHeadersBuildPhase;
			buildActionMask = 2147483647;
			files = (
				EA4F0863244AE04300BA8FCE /* SwiftyLib.h in Headers */,
			);
			runOnlyForDeploymentPostprocessing = 0;
		};
/* End PBXHeadersBuildPhase section */

/* Begin PBXNativeTarget section */
		EA4F0851244AE04300BA8FCE /* SwiftyLib */ = {
			isa = PBXNativeTarget;
			buildConfigurationList = EA4F0866244AE04300BA8FCE /* Build configuration list for PBXNativeTarget "SwiftyLib" */;
			buildPhases = (
				EA4F084D244AE04300BA8FCE /* Headers */,
				EA4F084E244AE04300BA8FCE /* Sources */,
				EA4F084F244AE04300BA8FCE /* Frameworks */,
				EA4F0850244AE04300BA8FCE /* Resources */,
			);
			buildRules = (
			);
			dependencies = (
			);
			name = SwiftyLib;
			productName = SwiftyLib;
			productReference = EA4F0852244AE04300BA8FCE /* SwiftyLib.framework */;
			productType = "com.apple.product-type.framework";
		};
		EA4F085A244AE04300BA8FCE /* SwiftyLibTests */ = {
			isa = PBXNativeTarget;
			buildConfigurationList = EA4F0869244AE04300BA8FCE /* Build configuration list for PBXNativeTarget "SwiftyLibTests" */;
			buildPhases = (
				EA4F0857244AE04300BA8FCE /* Sources */,
				EA4F0858244AE04300BA8FCE /* Frameworks */,
				EA4F0859244AE04300BA8FCE /* Resources */,
			);
			buildRules = (
			);
			dependencies = (
				EA4F085E244AE04300BA8FCE /* PBXTargetDependency */,
			);
			name = SwiftyLibTests;
			productName = SwiftyLibTests;
			productReference = EA4F085B244AE04300BA8FCE /* SwiftyLibTests.xctest */;
			productType = "com.apple.product-type.bundle.unit-test";
		};
		EA4F086F244AE0DC00BA8FCE /* SwiftyLibExamples */ = {
			isa = PBXNativeTarget;
			buildConfigurationList = EA4F0881244AE0DE00BA8FCE /* Build configuration list for PBXNativeTarget "SwiftyLibExamples" */;
			buildPhases = (
				EA4F086C244AE0DC00BA8FCE /* Sources */,
				EA4F086D244AE0DC00BA8FCE /* Frameworks */,
				EA4F086E244AE0DC00BA8FCE /* Resources */,
			);
			buildRules = (
			);
			dependencies = (
			);
			name = SwiftyLibExamples;
			productName = SwiftyLibExamples;
			productReference = EA4F0870244AE0DC00BA8FCE /* SwiftyLibExamples.app */;
			productType = "com.apple.product-type.application";
		};
/* End PBXNativeTarget section */

/* Begin PBXProject section */
		EA4F0849244AE04300BA8FCE /* Project object */ = {
			isa = PBXProject;
			attributes = {
				LastSwiftUpdateCheck = 1140;
				LastUpgradeCheck = 1140;
				ORGANIZATIONNAME = DICL;
				TargetAttributes = {
					EA4F0851244AE04300BA8FCE = {
						CreatedOnToolsVersion = 11.4;
						LastSwiftMigration = 1140;
					};
					EA4F085A244AE04300BA8FCE = {
						CreatedOnToolsVersion = 11.4;
					};
					EA4F086F244AE0DC00BA8FCE = {
						CreatedOnToolsVersion = 11.4;
					};
				};
			};
			buildConfigurationList = EA4F084C244AE04300BA8FCE /* Build configuration list for PBXProject "SwiftyLib" */;
			compatibilityVersion = "Xcode 9.3";
			developmentRegion = en;
			hasScannedForEncodings = 0;
			knownRegions = (
				en,
				Base,
			);
			mainGroup = EA4F0848244AE04300BA8FCE;
			productRefGroup = EA4F0853244AE04300BA8FCE /* Products */;
			projectDirPath = "";
			projectRoot = "";
			targets = (
				EA4F0851244AE04300BA8FCE /* SwiftyLib */,
				EA4F085A244AE04300BA8FCE /* SwiftyLibTests */,
				EA4F086F244AE0DC00BA8FCE /* SwiftyLibExamples */,
			);
		};
/* End PBXProject section */

/* Begin PBXResourcesBuildPhase section */
		EA4F0850244AE04300BA8FCE /* Resources */ = {
			isa = PBXResourcesBuildPhase;
			buildActionMask = 2147483647;
			files = (
			);
			runOnlyForDeploymentPostprocessing = 0;
		};
		EA4F0859244AE04300BA8FCE /* Resources */ = {
			isa = PBXResourcesBuildPhase;
			buildActionMask = 2147483647;
			files = (
			);
			runOnlyForDeploymentPostprocessing = 0;
		};
		EA4F086E244AE0DC00BA8FCE /* Resources */ = {
			isa = PBXResourcesBuildPhase;
			buildActionMask = 2147483647;
			files = (
				EA4F087F244AE0DE00BA8FCE /* LaunchScreen.storyboard in Resources */,
				EA4F087C244AE0DE00BA8FCE /* Assets.xcassets in Resources */,
				EA4F087A244AE0DC00BA8FCE /* Main.storyboard in Resources */,
			);
			runOnlyForDeploymentPostprocessing = 0;
		};
/* End PBXResourcesBuildPhase section */

/* Begin PBXSourcesBuildPhase section */
		EA4F084E244AE04300BA8FCE /* Sources */ = {
			isa = PBXSourcesBuildPhase;
			buildActionMask = 2147483647;
			files = (
				EA4F0885244AE34900BA8FCE /* SwiftyLib.swift in Sources */,
			);
			runOnlyForDeploymentPostprocessing = 0;
		};
		EA4F0857244AE04300BA8FCE /* Sources */ = {
			isa = PBXSourcesBuildPhase;
			buildActionMask = 2147483647;
			files = (
				EA4F0861244AE04300BA8FCE /* SwiftyLibTests.swift in Sources */,
			);
			runOnlyForDeploymentPostprocessing = 0;
		};
		EA4F086C244AE0DC00BA8FCE /* Sources */ = {
			isa = PBXSourcesBuildPhase;
			buildActionMask = 2147483647;
			files = (
				EA4F0877244AE0DC00BA8FCE /* ViewController.swift in Sources */,
				EA4F0873244AE0DC00BA8FCE /* AppDelegate.swift in Sources */,
				EA4F0875244AE0DC00BA8FCE /* SceneDelegate.swift in Sources */,
			);
			runOnlyForDeploymentPostprocessing = 0;
		};
/* End PBXSourcesBuildPhase section */

/* Begin PBXTargetDependency section */
		EA4F085E244AE04300BA8FCE /* PBXTargetDependency */ = {
			isa = PBXTargetDependency;
			target = EA4F0851244AE04300BA8FCE /* SwiftyLib */;
			targetProxy = EA4F085D244AE04300BA8FCE /* PBXContainerItemProxy */;
		};
/* End PBXTargetDependency section */

/* Begin PBXVariantGroup section */
		EA4F0878244AE0DC00BA8FCE /* Main.storyboard */ = {
			isa = PBXVariantGroup;
			children = (
				EA4F0879244AE0DC00BA8FCE /* Base */,
			);
			name = Main.storyboard;
			sourceTree = "<group>";
		};
		EA4F087D244AE0DE00BA8FCE /* LaunchScreen.storyboard */ = {
			isa = PBXVariantGroup;
			children = (
				EA4F087E244AE0DE00BA8FCE /* Base */,
			);
			name = LaunchScreen.storyboard;
			sourceTree = "<group>";
		};
/* End PBXVariantGroup section */

/* Begin XCBuildConfiguration section */
		EA4F0864244AE04300BA8FCE /* Debug */ = {
			isa = XCBuildConfiguration;
			buildSettings = {
				ALWAYS_SEARCH_USER_PATHS = NO;
				CLANG_ANALYZER_NONNULL = YES;
				CLANG_ANALYZER_NUMBER_OBJECT_CONVERSION = YES_AGGRESSIVE;
				CLANG_CXX_LANGUAGE_STANDARD = "gnu++14";
				CLANG_CXX_LIBRARY = "libc++";
				CLANG_ENABLE_MODULES = YES;
				CLANG_ENABLE_OBJC_ARC = YES;
				CLANG_ENABLE_OBJC_WEAK = YES;
				CLANG_WARN_BLOCK_CAPTURE_AUTORELEASING = YES;
				CLANG_WARN_BOOL_CONVERSION = YES;
				CLANG_WARN_COMMA = YES;
				CLANG_WARN_CONSTANT_CONVERSION = YES;
				CLANG_WARN_DEPRECATED_OBJC_IMPLEMENTATIONS = YES;
				CLANG_WARN_DIRECT_OBJC_ISA_USAGE = YES_ERROR;
				CLANG_WARN_DOCUMENTATION_COMMENTS = YES;
				CLANG_WARN_EMPTY_BODY = YES;
				CLANG_WARN_ENUM_CONVERSION = YES;
				CLANG_WARN_INFINITE_RECURSION = YES;
				CLANG_WARN_INT_CONVERSION = YES;
				CLANG_WARN_NON_LITERAL_NULL_CONVERSION = YES;
				CLANG_WARN_OBJC_IMPLICIT_RETAIN_SELF = YES;
				CLANG_WARN_OBJC_LITERAL_CONVERSION = YES;
				CLANG_WARN_OBJC_ROOT_CLASS = YES_ERROR;
				CLANG_WARN_RANGE_LOOP_ANALYSIS = YES;
				CLANG_WARN_STRICT_PROTOTYPES = YES;
				CLANG_WARN_SUSPICIOUS_MOVE = YES;
				CLANG_WARN_UNGUARDED_AVAILABILITY = YES_AGGRESSIVE;
				CLANG_WARN_UNREACHABLE_CODE = YES;
				CLANG_WARN__DUPLICATE_METHOD_MATCH = YES;
				COPY_PHASE_STRIP = NO;
				CURRENT_PROJECT_VERSION = 1;
				DEBUG_INFORMATION_FORMAT = dwarf;
				ENABLE_STRICT_OBJC_MSGSEND = YES;
				ENABLE_TESTABILITY = YES;
				GCC_C_LANGUAGE_STANDARD = gnu11;
				GCC_DYNAMIC_NO_PIC = NO;
				GCC_NO_COMMON_BLOCKS = YES;
				GCC_OPTIMIZATION_LEVEL = 0;
				GCC_PREPROCESSOR_DEFINITIONS = (
					"DEBUG=1",
					"$(inherited)",
				);
				GCC_WARN_64_TO_32_BIT_CONVERSION = YES;
				GCC_WARN_ABOUT_RETURN_TYPE = YES_ERROR;
				GCC_WARN_UNDECLARED_SELECTOR = YES;
				GCC_WARN_UNINITIALIZED_AUTOS = YES_AGGRESSIVE;
				GCC_WARN_UNUSED_FUNCTION = YES;
				GCC_WARN_UNUSED_VARIABLE = YES;
				IPHONEOS_DEPLOYMENT_TARGET = 13.4;
				MTL_ENABLE_DEBUG_INFO = INCLUDE_SOURCE;
				MTL_FAST_MATH = YES;
				ONLY_ACTIVE_ARCH = YES;
				SDKROOT = iphoneos;
				SWIFT_ACTIVE_COMPILATION_CONDITIONS = DEBUG;
				SWIFT_OPTIMIZATION_LEVEL = "-Onone";
				VERSIONING_SYSTEM = "apple-generic";
				VERSION_INFO_PREFIX = "";
			};
			name = Debug;
		};
		EA4F0865244AE04300BA8FCE /* Release */ = {
			isa = XCBuildConfiguration;
			buildSettings = {
				ALWAYS_SEARCH_USER_PATHS = NO;
				CLANG_ANALYZER_NONNULL = YES;
				CLANG_ANALYZER_NUMBER_OBJECT_CONVERSION = YES_AGGRESSIVE;
				CLANG_CXX_LANGUAGE_STANDARD = "gnu++14";
				CLANG_CXX_LIBRARY = "libc++";
				CLANG_ENABLE_MODULES = YES;
				CLANG_ENABLE_OBJC_ARC = YES;
				CLANG_ENABLE_OBJC_WEAK = YES;
				CLANG_WARN_BLOCK_CAPTURE_AUTORELEASING = YES;
				CLANG_WARN_BOOL_CONVERSION = YES;
				CLANG_WARN_COMMA = YES;
				CLANG_WARN_CONSTANT_CONVERSION = YES;
				CLANG_WARN_DEPRECATED_OBJC_IMPLEMENTATIONS = YES;
				CLANG_WARN_DIRECT_OBJC_ISA_USAGE = YES_ERROR;
				CLANG_WARN_DOCUMENTATION_COMMENTS = YES;
				CLANG_WARN_EMPTY_BODY = YES;
				CLANG_WARN_ENUM_CONVERSION = YES;
				CLANG_WARN_INFINITE_RECURSION = YES;
				CLANG_WARN_INT_CONVERSION = YES;
				CLANG_WARN_NON_LITERAL_NULL_CONVERSION = YES;
				CLANG_WARN_OBJC_IMPLICIT_RETAIN_SELF = YES;
				CLANG_WARN_OBJC_LITERAL_CONVERSION = YES;
				CLANG_WARN_OBJC_ROOT_CLASS = YES_ERROR;
				CLANG_WARN_RANGE_LOOP_ANALYSIS = YES;
				CLANG_WARN_STRICT_PROTOTYPES = YES;
				CLANG_WARN_SUSPICIOUS_MOVE = YES;
				CLANG_WARN_UNGUARDED_AVAILABILITY = YES_AGGRESSIVE;
				CLANG_WARN_UNREACHABLE_CODE = YES;
				CLANG_WARN__DUPLICATE_METHOD_MATCH = YES;
				COPY_PHASE_STRIP = NO;
				CURRENT_PROJECT_VERSION = 1;
				DEBUG_INFORMATION_FORMAT = "dwarf-with-dsym";
				ENABLE_NS_ASSERTIONS = NO;
				ENABLE_STRICT_OBJC_MSGSEND = YES;
				GCC_C_LANGUAGE_STANDARD = gnu11;
				GCC_NO_COMMON_BLOCKS = YES;
				GCC_WARN_64_TO_32_BIT_CONVERSION = YES;
				GCC_WARN_ABOUT_RETURN_TYPE = YES_ERROR;
				GCC_WARN_UNDECLARED_SELECTOR = YES;
				GCC_WARN_UNINITIALIZED_AUTOS = YES_AGGRESSIVE;
				GCC_WARN_UNUSED_FUNCTION = YES;
				GCC_WARN_UNUSED_VARIABLE = YES;
				IPHONEOS_DEPLOYMENT_TARGET = 13.4;
				MTL_ENABLE_DEBUG_INFO = NO;
				MTL_FAST_MATH = YES;
				SDKROOT = iphoneos;
				SWIFT_COMPILATION_MODE = wholemodule;
				SWIFT_OPTIMIZATION_LEVEL = "-O";
				VALIDATE_PRODUCT = YES;
				VERSIONING_SYSTEM = "apple-generic";
				VERSION_INFO_PREFIX = "";
			};
			name = Release;
		};
		EA4F0867244AE04300BA8FCE /* Debug */ = {
			isa = XCBuildConfiguration;
			buildSettings = {
				CLANG_ENABLE_MODULES = YES;
				CODE_SIGN_STYLE = Automatic;
				DEFINES_MODULE = YES;
				DEVELOPMENT_TEAM = 58HP84L9KW;
				DYLIB_COMPATIBILITY_VERSION = 1;
				DYLIB_CURRENT_VERSION = 1;
				DYLIB_INSTALL_NAME_BASE = "@rpath";
				INFOPLIST_FILE = SwiftyLib/Info.plist;
				INSTALL_PATH = "$(LOCAL_LIBRARY_DIR)/Frameworks";
				LD_RUNPATH_SEARCH_PATHS = (
					"$(inherited)",
					"@executable_path/Frameworks",
					"@loader_path/Frameworks",
				);
				PRODUCT_BUNDLE_IDENTIFIER = com.dicl.SwiftyLib;
				PRODUCT_NAME = "$(TARGET_NAME:c99extidentifier)";
				SKIP_INSTALL = YES;
				SWIFT_OPTIMIZATION_LEVEL = "-Onone";
				SWIFT_VERSION = 5.0;
				TARGETED_DEVICE_FAMILY = "1,2";
			};
			name = Debug;
		};
		EA4F0868244AE04300BA8FCE /* Release */ = {
			isa = XCBuildConfiguration;
			buildSettings = {
				CLANG_ENABLE_MODULES = YES;
				CODE_SIGN_STYLE = Automatic;
				DEFINES_MODULE = YES;
				DEVELOPMENT_TEAM = 58HP84L9KW;
				DYLIB_COMPATIBILITY_VERSION = 1;
				DYLIB_CURRENT_VERSION = 1;
				DYLIB_INSTALL_NAME_BASE = "@rpath";
				INFOPLIST_FILE = SwiftyLib/Info.plist;
				INSTALL_PATH = "$(LOCAL_LIBRARY_DIR)/Frameworks";
				LD_RUNPATH_SEARCH_PATHS = (
					"$(inherited)",
					"@executable_path/Frameworks",
					"@loader_path/Frameworks",
				);
				PRODUCT_BUNDLE_IDENTIFIER = com.dicl.SwiftyLib;
				PRODUCT_NAME = "$(TARGET_NAME:c99extidentifier)";
				SKIP_INSTALL = YES;
				SWIFT_VERSION = 5.0;
				TARGETED_DEVICE_FAMILY = "1,2";
			};
			name = Release;
		};
		EA4F086A244AE04300BA8FCE /* Debug */ = {
			isa = XCBuildConfiguration;
			buildSettings = {
				ALWAYS_EMBED_SWIFT_STANDARD_LIBRARIES = YES;
				CODE_SIGN_STYLE = Automatic;
				DEVELOPMENT_TEAM = 58HP84L9KW;
				INFOPLIST_FILE = SwiftyLibTests/Info.plist;
				LD_RUNPATH_SEARCH_PATHS = (
					"$(inherited)",
					"@executable_path/Frameworks",
					"@loader_path/Frameworks",
				);
				PRODUCT_BUNDLE_IDENTIFIER = com.dicl.SwiftyLibTests;
				PRODUCT_NAME = "$(TARGET_NAME)";
				SWIFT_VERSION = 5.0;
				TARGETED_DEVICE_FAMILY = "1,2";
			};
			name = Debug;
		};
		EA4F086B244AE04300BA8FCE /* Release */ = {
			isa = XCBuildConfiguration;
			buildSettings = {
				ALWAYS_EMBED_SWIFT_STANDARD_LIBRARIES = YES;
				CODE_SIGN_STYLE = Automatic;
				DEVELOPMENT_TEAM = 58HP84L9KW;
				INFOPLIST_FILE = SwiftyLibTests/Info.plist;
				LD_RUNPATH_SEARCH_PATHS = (
					"$(inherited)",
					"@executable_path/Frameworks",
					"@loader_path/Frameworks",
				);
				PRODUCT_BUNDLE_IDENTIFIER = com.dicl.SwiftyLibTests;
				PRODUCT_NAME = "$(TARGET_NAME)";
				SWIFT_VERSION = 5.0;
				TARGETED_DEVICE_FAMILY = "1,2";
			};
			name = Release;
		};
		EA4F0882244AE0DE00BA8FCE /* Debug */ = {
			isa = XCBuildConfiguration;
			buildSettings = {
				ASSETCATALOG_COMPILER_APPICON_NAME = AppIcon;
				CODE_SIGN_STYLE = Automatic;
				DEVELOPMENT_TEAM = 58HP84L9KW;
				INFOPLIST_FILE = SwiftyLibExamples/Info.plist;
				LD_RUNPATH_SEARCH_PATHS = (
					"$(inherited)",
					"@executable_path/Frameworks",
				);
				PRODUCT_BUNDLE_IDENTIFIER = com.dicl.SwiftyLibExamples;
				PRODUCT_NAME = "$(TARGET_NAME)";
				SWIFT_VERSION = 5.0;
				TARGETED_DEVICE_FAMILY = "1,2";
			};
			name = Debug;
		};
		EA4F0883244AE0DE00BA8FCE /* Release */ = {
			isa = XCBuildConfiguration;
			buildSettings = {
				ASSETCATALOG_COMPILER_APPICON_NAME = AppIcon;
				CODE_SIGN_STYLE = Automatic;
				DEVELOPMENT_TEAM = 58HP84L9KW;
				INFOPLIST_FILE = SwiftyLibExamples/Info.plist;
				LD_RUNPATH_SEARCH_PATHS = (
					"$(inherited)",
					"@executable_path/Frameworks",
				);
				PRODUCT_BUNDLE_IDENTIFIER = com.dicl.SwiftyLibExamples;
				PRODUCT_NAME = "$(TARGET_NAME)";
				SWIFT_VERSION = 5.0;
				TARGETED_DEVICE_FAMILY = "1,2";
			};
			name = Release;
		};
/* End XCBuildConfiguration section */

/* Begin XCConfigurationList section */
		EA4F084C244AE04300BA8FCE /* Build configuration list for PBXProject "SwiftyLib" */ = {
			isa = XCConfigurationList;
			buildConfigurations = (
				EA4F0864244AE04300BA8FCE /* Debug */,
				EA4F0865244AE04300BA8FCE /* Release */,
			);
			defaultConfigurationIsVisible = 0;
			defaultConfigurationName = Release;
		};
		EA4F0866244AE04300BA8FCE /* Build configuration list for PBXNativeTarget "SwiftyLib" */ = {
			isa = XCConfigurationList;
			buildConfigurations = (
				EA4F0867244AE04300BA8FCE /* Debug */,
				EA4F0868244AE04300BA8FCE /* Release */,
			);
			defaultConfigurationIsVisible = 0;
			defaultConfigurationName = Release;
		};
		EA4F0869244AE04300BA8FCE /* Build configuration list for PBXNativeTarget "SwiftyLibTests" */ = {
			isa = XCConfigurationList;
			buildConfigurations = (
				EA4F086A244AE04300BA8FCE /* Debug */,
				EA4F086B244AE04300BA8FCE /* Release */,
			);
			defaultConfigurationIsVisible = 0;
			defaultConfigurationName = Release;
		};
		EA4F0881244AE0DE00BA8FCE /* Build configuration list for PBXNativeTarget "SwiftyLibExamples" */ = {
			isa = XCConfigurationList;
			buildConfigurations = (
				EA4F0882244AE0DE00BA8FCE /* Debug */,
				EA4F0883244AE0DE00BA8FCE /* Release */,
			);
			defaultConfigurationIsVisible = 0;
			defaultConfigurationName = Release;
		};
/* End XCConfigurationList section */
	};
	rootObject = EA4F0849244AE04300BA8FCE /* Project object */;
}
